
Microsoft Visual Studio Solution File, Format Version 12.00
# Visual Studio 15
Project("{FAE04EC0-301F-11D3-BF4B-00C04F79EFBC}") = "Spotify", "Spotify\Spotify.csproj", "{BED366F3-F099-4C5A-9C29-E9B62F5C950E}"
EndProject
Global
	GlobalSection(SolutionConfigurationPlatforms) = preSolution
		Debug|anycpu = Debug|anycpu
		Release|anycpu = Release|anycpu
	EndGlobalSection
	GlobalSection(ProjectConfigurationPlatforms) = postSolution
		{BED366F3-F099-4C5A-9C29-E9B62F5C950E}.Debug|anycpu.ActiveCfg = Debug|anycpu
		{BED366F3-F099-4C5A-9C29-E9B62F5C950E}.Debug|anycpu.Build.0 = Debug|anycpu
		{BED366F3-F099-4C5A-9C29-E9B62F5C950E}.Release|anycpu.ActiveCfg = Release|anycpu
		{BED366F3-F099-4C5A-9C29-E9B62F5C950E}.Release|anycpu.Build.0 = Release|anycpu
	EndGlobalSection
EndGlobal
